// !$*UTF8*$!
{
	archiveVersion = 1;
	classes = {
	};
	objectVersion = 50;
	objects = {

/* Begin PBXBuildFile section */
		83825C53245D36A400D6C2AF /* AppDelegate.swift in Sources */ = {isa = PBXBuildFile; fileRef = 83825C52245D36A400D6C2AF /* AppDelegate.swift */; };
		83825C55245D36A400D6C2AF /* SceneDelegate.swift in Sources */ = {isa = PBXBuildFile; fileRef = 83825C54245D36A400D6C2AF /* SceneDelegate.swift */; };
		83825C5A245D36A400D6C2AF /* Main.storyboard in Resources */ = {isa = PBXBuildFile; fileRef = 83825C58245D36A400D6C2AF /* Main.storyboard */; };
		83825C5C245D36AC00D6C2AF /* Assets.xcassets in Resources */ = {isa = PBXBuildFile; fileRef = 83825C5B245D36AC00D6C2AF /* Assets.xcassets */; };
		83825C5F245D36AC00D6C2AF /* LaunchScreen.storyboard in Resources */ = {isa = PBXBuildFile; fileRef = 83825C5D245D36AC00D6C2AF /* LaunchScreen.storyboard */; };
		83825C67245D375A00D6C2AF /* ServiceCallProtocol.swift in Sources */ = {isa = PBXBuildFile; fileRef = 83825C66245D375A00D6C2AF /* ServiceCallProtocol.swift */; };
		83825C69245D3B2100D6C2AF /* FetchPhotoApiCall.swift in Sources */ = {isa = PBXBuildFile; fileRef = 83825C68245D3B2100D6C2AF /* FetchPhotoApiCall.swift */; };
		83825C6C245D47FE00D6C2AF /* PhotosViewController.swift in Sources */ = {isa = PBXBuildFile; fileRef = 83825C6B245D47FD00D6C2AF /* PhotosViewController.swift */; };
		83825C6E245D481300D6C2AF /* PhotoDetailViewController.swift in Sources */ = {isa = PBXBuildFile; fileRef = 83825C6D245D481300D6C2AF /* PhotoDetailViewController.swift */; };
		83825C71245D536F00D6C2AF /* PhotoCollectionViewCell.swift in Sources */ = {isa = PBXBuildFile; fileRef = 83825C70245D536F00D6C2AF /* PhotoCollectionViewCell.swift */; };
		83825C73245D591900D6C2AF /* Photos.swift in Sources */ = {isa = PBXBuildFile; fileRef = 83825C72245D591900D6C2AF /* Photos.swift */; };
		83825C77245D5A2300D6C2AF /* PhotoViewModel.swift in Sources */ = {isa = PBXBuildFile; fileRef = 83825C76245D5A2300D6C2AF /* PhotoViewModel.swift */; };
		83825C79245D5B9C00D6C2AF /* Constants.swift in Sources */ = {isa = PBXBuildFile; fileRef = 83825C78245D5B9C00D6C2AF /* Constants.swift */; };
		83825C7D245D657800D6C2AF /* UIImageView.swift in Sources */ = {isa = PBXBuildFile; fileRef = 83825C7C245D657800D6C2AF /* UIImageView.swift */; };
		83825C7F245D6A1F00D6C2AF /* ViewController.swift in Sources */ = {isa = PBXBuildFile; fileRef = 83825C7E245D6A1F00D6C2AF /* ViewController.swift */; };
/* End PBXBuildFile section */

/* Begin PBXFileReference section */
		83825C4F245D36A400D6C2AF /* MVVM-Demo.app */ = {isa = PBXFileReference; explicitFileType = wrapper.application; includeInIndex = 0; path = "MVVM-Demo.app"; sourceTree = BUILT_PRODUCTS_DIR; };
		83825C52245D36A400D6C2AF /* AppDelegate.swift */ = {isa = PBXFileReference; lastKnownFileType = sourcecode.swift; path = AppDelegate.swift; sourceTree = "<group>"; };
		83825C54245D36A400D6C2AF /* SceneDelegate.swift */ = {isa = PBXFileReference; lastKnownFileType = sourcecode.swift; path = SceneDelegate.swift; sourceTree = "<group>"; };
		83825C59245D36A400D6C2AF /* Base */ = {isa = PBXFileReference; lastKnownFileType = file.storyboard; name = Base; path = Base.lproj/Main.storyboard; sourceTree = "<group>"; };
		83825C5B245D36AC00D6C2AF /* Assets.xcassets */ = {isa = PBXFileReference; lastKnownFileType = folder.assetcatalog; path = Assets.xcassets; sourceTree = "<group>"; };
		83825C5E245D36AC00D6C2AF /* Base */ = {isa = PBXFileReference; lastKnownFileType = file.storyboard; name = Base; path = Base.lproj/LaunchScreen.storyboard; sourceTree = "<group>"; };
		83825C60245D36AC00D6C2AF /* Info.plist */ = {isa = PBXFileReference; lastKnownFileType = text.plist.xml; path = Info.plist; sourceTree = "<group>"; };
		83825C66245D375A00D6C2AF /* ServiceCallProtocol.swift */ = {isa = PBXFileReference; lastKnownFileType = sourcecode.swift; path = ServiceCallProtocol.swift; sourceTree = "<group>"; };
		83825C68245D3B2100D6C2AF /* FetchPhotoApiCall.swift */ = {isa = PBXFileReference; lastKnownFileType = sourcecode.swift; path = FetchPhotoApiCall.swift; sourceTree = "<group>"; };
		83825C6B245D47FD00D6C2AF /* PhotosViewController.swift */ = {isa = PBXFileReference; lastKnownFileType = sourcecode.swift; path = PhotosViewController.swift; sourceTree = "<group>"; };
		83825C6D245D481300D6C2AF /* PhotoDetailViewController.swift */ = {isa = PBXFileReference; lastKnownFileType = sourcecode.swift; path = PhotoDetailViewController.swift; sourceTree = "<group>"; };
		83825C70245D536F00D6C2AF /* PhotoCollectionViewCell.swift */ = {isa = PBXFileReference; lastKnownFileType = sourcecode.swift; path = PhotoCollectionViewCell.swift; sourceTree = "<group>"; };
		83825C72245D591900D6C2AF /* Photos.swift */ = {isa = PBXFileReference; lastKnownFileType = sourcecode.swift; path = Photos.swift; sourceTree = "<group>"; };
		83825C76245D5A2300D6C2AF /* PhotoViewModel.swift */ = {isa = PBXFileReference; lastKnownFileType = sourcecode.swift; path = PhotoViewModel.swift; sourceTree = "<group>"; };
		83825C78245D5B9C00D6C2AF /* Constants.swift */ = {isa = PBXFileReference; lastKnownFileType = sourcecode.swift; path = Constants.swift; sourceTree = "<group>"; };
		83825C7C245D657800D6C2AF /* UIImageView.swift */ = {isa = PBXFileReference; lastKnownFileType = sourcecode.swift; path = UIImageView.swift; sourceTree = "<group>"; };
		83825C7E245D6A1F00D6C2AF /* ViewController.swift */ = {isa = PBXFileReference; lastKnownFileType = sourcecode.swift; path = ViewController.swift; sourceTree = "<group>"; };
/* End PBXFileReference section */

/* Begin PBXFrameworksBuildPhase section */
		83825C4C245D36A400D6C2AF /* Frameworks */ = {
			isa = PBXFrameworksBuildPhase;
			buildActionMask = 2147483647;
			files = (
			);
			runOnlyForDeploymentPostprocessing = 0;
		};
/* End PBXFrameworksBuildPhase section */

/* Begin PBXGroup section */
		83825C46245D36A400D6C2AF = {
			isa = PBXGroup;
			children = (
				83825C51245D36A400D6C2AF /* MVVM-Demo */,
				83825C50245D36A400D6C2AF /* Products */,
			);
			sourceTree = "<group>";
		};
		83825C50245D36A400D6C2AF /* Products */ = {
			isa = PBXGroup;
			children = (
				83825C4F245D36A400D6C2AF /* MVVM-Demo.app */,
			);
			name = Products;
			sourceTree = "<group>";
		};
		83825C51245D36A400D6C2AF /* MVVM-Demo */ = {
			isa = PBXGroup;
			children = (
				83825C7B245D655200D6C2AF /* Extensions */,
				83825C52245D36A400D6C2AF /* AppDelegate.swift */,
				83825C54245D36A400D6C2AF /* SceneDelegate.swift */,
				83825C7A245D5CC900D6C2AF /* ViewModel */,
				83825C80245D6A4900D6C2AF /* Constants */,
				83825C74245D59C100D6C2AF /* Cells */,
				83825C75245D59CD00D6C2AF /* Model */,
				83825C6F245D481800D6C2AF /* View */,
				83825C6A245D3B4C00D6C2AF /* NetworkLayer */,
				83825C58245D36A400D6C2AF /* Main.storyboard */,
				83825C5B245D36AC00D6C2AF /* Assets.xcassets */,
				83825C5D245D36AC00D6C2AF /* LaunchScreen.storyboard */,
				83825C60245D36AC00D6C2AF /* Info.plist */,
			);
			path = "MVVM-Demo";
			sourceTree = "<group>";
		};
		83825C6A245D3B4C00D6C2AF /* NetworkLayer */ = {
			isa = PBXGroup;
			children = (
				83825C66245D375A00D6C2AF /* ServiceCallProtocol.swift */,
				83825C68245D3B2100D6C2AF /* FetchPhotoApiCall.swift */,
			);
			path = NetworkLayer;
			sourceTree = "<group>";
		};
		83825C6F245D481800D6C2AF /* View */ = {
			isa = PBXGroup;
			children = (
				83825C6B245D47FD00D6C2AF /* PhotosViewController.swift */,
				83825C6D245D481300D6C2AF /* PhotoDetailViewController.swift */,
			);
			path = View;
			sourceTree = "<group>";
		};
		83825C74245D59C100D6C2AF /* Cells */ = {
			isa = PBXGroup;
			children = (
				83825C70245D536F00D6C2AF /* PhotoCollectionViewCell.swift */,
			);
			path = Cells;
			sourceTree = "<group>";
		};
		83825C75245D59CD00D6C2AF /* Model */ = {
			isa = PBXGroup;
			children = (
				83825C72245D591900D6C2AF /* Photos.swift */,
			);
			path = Model;
			sourceTree = "<group>";
		};
		83825C7A245D5CC900D6C2AF /* ViewModel */ = {
			isa = PBXGroup;
			children = (
				83825C76245D5A2300D6C2AF /* PhotoViewModel.swift */,
			);
			path = ViewModel;
			sourceTree = "<group>";
		};
		83825C7B245D655200D6C2AF /* Extensions */ = {
			isa = PBXGroup;
			children = (
				83825C7C245D657800D6C2AF /* UIImageView.swift */,
				83825C7E245D6A1F00D6C2AF /* ViewController.swift */,
			);
			path = Extensions;
			sourceTree = "<group>";
		};
		83825C80245D6A4900D6C2AF /* Constants */ = {
			isa = PBXGroup;
			children = (
				83825C78245D5B9C00D6C2AF /* Constants.swift */,
			);
			path = Constants;
			sourceTree = "<group>";
		};
/* End PBXGroup section */

/* Begin PBXNativeTarget section */
		83825C4E245D36A400D6C2AF /* MVVM-Demo */ = {
			isa = PBXNativeTarget;
			buildConfigurationList = 83825C63245D36AC00D6C2AF /* Build configuration list for PBXNativeTarget "MVVM-Demo" */;
			buildPhases = (
				83825C4B245D36A400D6C2AF /* Sources */,
				83825C4C245D36A400D6C2AF /* Frameworks */,
				83825C4D245D36A400D6C2AF /* Resources */,
			);
			buildRules = (
			);
			dependencies = (
			);
			name = "MVVM-Demo";
			productName = "MVVM-Demo";
			productReference = 83825C4F245D36A400D6C2AF /* MVVM-Demo.app */;
			productType = "com.apple.product-type.application";
		};
/* End PBXNativeTarget section */

/* Begin PBXProject section */
		83825C47245D36A400D6C2AF /* Project object */ = {
			isa = PBXProject;
			attributes = {
				LastSwiftUpdateCheck = 1130;
				LastUpgradeCheck = 1130;
				ORGANIZATIONNAME = Sudhakar;
				TargetAttributes = {
					83825C4E245D36A400D6C2AF = {
						CreatedOnToolsVersion = 11.3.1;
					};
				};
			};
			buildConfigurationList = 83825C4A245D36A400D6C2AF /* Build configuration list for PBXProject "MVVM-Demo" */;
			compatibilityVersion = "Xcode 9.3";
			developmentRegion = en;
			hasScannedForEncodings = 0;
			knownRegions = (
				en,
				Base,
			);
			mainGroup = 83825C46245D36A400D6C2AF;
			productRefGroup = 83825C50245D36A400D6C2AF /* Products */;
			projectDirPath = "";
			projectRoot = "";
			targets = (
				83825C4E245D36A400D6C2AF /* MVVM-Demo */,
			);
		};
/* End PBXProject section */

/* Begin PBXResourcesBuildPhase section */
		83825C4D245D36A400D6C2AF /* Resources */ = {
			isa = PBXResourcesBuildPhase;
			buildActionMask = 2147483647;
			files = (
				83825C5F245D36AC00D6C2AF /* LaunchScreen.storyboard in Resources */,
				83825C5C245D36AC00D6C2AF /* Assets.xcassets in Resources */,
				83825C5A245D36A400D6C2AF /* Main.storyboard in Resources */,
			);
			runOnlyForDeploymentPostprocessing = 0;
		};
/* End PBXResourcesBuildPhase section */

/* Begin PBXSourcesBuildPhase section */
		83825C4B245D36A400D6C2AF /* Sources */ = {
			isa = PBXSourcesBuildPhase;
			buildActionMask = 2147483647;
			files = (
				83825C6E245D481300D6C2AF /* PhotoDetailViewController.swift in Sources */,
				83825C69245D3B2100D6C2AF /* FetchPhotoApiCall.swift in Sources */,
				83825C53245D36A400D6C2AF /* AppDelegate.swift in Sources */,
				83825C55245D36A400D6C2AF /* SceneDelegate.swift in Sources */,
				83825C77245D5A2300D6C2AF /* PhotoViewModel.swift in Sources */,
				83825C79245D5B9C00D6C2AF /* Constants.swift in Sources */,
				83825C7F245D6A1F00D6C2AF /* ViewController.swift in Sources */,
				83825C7D245D657800D6C2AF /* UIImageView.swift in Sources */,
				83825C73245D591900D6C2AF /* Photos.swift in Sources */,
				83825C71245D536F00D6C2AF /* PhotoCollectionViewCell.swift in Sources */,
				83825C67245D375A00D6C2AF /* ServiceCallProtocol.swift in Sources */,
				83825C6C245D47FE00D6C2AF /* PhotosViewController.swift in Sources */,
			);
			runOnlyForDeploymentPostprocessing = 0;
		};
/* End PBXSourcesBuildPhase section */

/* Begin PBXVariantGroup section */
		83825C58245D36A400D6C2AF /* Main.storyboard */ = {
			isa = PBXVariantGroup;
			children = (
				83825C59245D36A400D6C2AF /* Base */,
			);
			name = Main.storyboard;
			sourceTree = "<group>";
		};
		83825C5D245D36AC00D6C2AF /* LaunchScreen.storyboard */ = {
			isa = PBXVariantGroup;
			children = (
				83825C5E245D36AC00D6C2AF /* Base */,
			);
			name = LaunchScreen.storyboard;
			sourceTree = "<group>";
		};
/* End PBXVariantGroup section */

/* Begin XCBuildConfiguration section */
		83825C61245D36AC00D6C2AF /* Debug */ = {
			isa = XCBuildConfiguration;
			buildSettings = {
				ALWAYS_SEARCH_USER_PATHS = NO;
				CLANG_ANALYZER_NONNULL = YES;
				CLANG_ANALYZER_NUMBER_OBJECT_CONVERSION = YES_AGGRESSIVE;
				CLANG_CXX_LANGUAGE_STANDARD = "gnu++14";
				CLANG_CXX_LIBRARY = "libc++";
				CLANG_ENABLE_MODULES = YES;
				CLANG_ENABLE_OBJC_ARC = YES;
				CLANG_ENABLE_OBJC_WEAK = YES;
				CLANG_WARN_BLOCK_CAPTURE_AUTORELEASING = YES;
				CLANG_WARN_BOOL_CONVERSION = YES;
				CLANG_WARN_COMMA = YES;
				CLANG_WARN_CONSTANT_CONVERSION = YES;
				CLANG_WARN_DEPRECATED_OBJC_IMPLEMENTATIONS = YES;
				CLANG_WARN_DIRECT_OBJC_ISA_USAGE = YES_ERROR;
				CLANG_WARN_DOCUMENTATION_COMMENTS = YES;
				CLANG_WARN_EMPTY_BODY = YES;
				CLANG_WARN_ENUM_CONVERSION = YES;
				CLANG_WARN_INFINITE_RECURSION = YES;
				CLANG_WARN_INT_CONVERSION = YES;
				CLANG_WARN_NON_LITERAL_NULL_CONVERSION = YES;
				CLANG_WARN_OBJC_IMPLICIT_RETAIN_SELF = YES;
				CLANG_WARN_OBJC_LITERAL_CONVERSION = YES;
				CLANG_WARN_OBJC_ROOT_CLASS = YES_ERROR;
				CLANG_WARN_RANGE_LOOP_ANALYSIS = YES;
				CLANG_WARN_STRICT_PROTOTYPES = YES;
				CLANG_WARN_SUSPICIOUS_MOVE = YES;
				CLANG_WARN_UNGUARDED_AVAILABILITY = YES_AGGRESSIVE;
				CLANG_WARN_UNREACHABLE_CODE = YES;
				CLANG_WARN__DUPLICATE_METHOD_MATCH = YES;
				COPY_PHASE_STRIP = NO;
				DEBUG_INFORMATION_FORMAT = dwarf;
				ENABLE_STRICT_OBJC_MSGSEND = YES;
				ENABLE_TESTABILITY = YES;
				GCC_C_LANGUAGE_STANDARD = gnu11;
				GCC_DYNAMIC_NO_PIC = NO;
				GCC_NO_COMMON_BLOCKS = YES;
				GCC_OPTIMIZATION_LEVEL = 0;
				GCC_PREPROCESSOR_DEFINITIONS = (
					"DEBUG=1",
					"$(inherited)",
				);
				GCC_WARN_64_TO_32_BIT_CONVERSION = YES;
				GCC_WARN_ABOUT_RETURN_TYPE = YES_ERROR;
				GCC_WARN_UNDECLARED_SELECTOR = YES;
				GCC_WARN_UNINITIALIZED_AUTOS = YES_AGGRESSIVE;
				GCC_WARN_UNUSED_FUNCTION = YES;
				GCC_WARN_UNUSED_VARIABLE = YES;
				IPHONEOS_DEPLOYMENT_TARGET = 13.2;
				MTL_ENABLE_DEBUG_INFO = INCLUDE_SOURCE;
				MTL_FAST_MATH = YES;
				ONLY_ACTIVE_ARCH = YES;
				SDKROOT = iphoneos;
				SWIFT_ACTIVE_COMPILATION_CONDITIONS = DEBUG;
				SWIFT_OPTIMIZATION_LEVEL = "-Onone";
			};
			name = Debug;
		};
		83825C62245D36AC00D6C2AF /* Release */ = {
			isa = XCBuildConfiguration;
			buildSettings = {
				ALWAYS_SEARCH_USER_PATHS = NO;
				CLANG_ANALYZER_NONNULL = YES;
				CLANG_ANALYZER_NUMBER_OBJECT_CONVERSION = YES_AGGRESSIVE;
				CLANG_CXX_LANGUAGE_STANDARD = "gnu++14";
				CLANG_CXX_LIBRARY = "libc++";
				CLANG_ENABLE_MODULES = YES;
				CLANG_ENABLE_OBJC_ARC = YES;
				CLANG_ENABLE_OBJC_WEAK = YES;
				CLANG_WARN_BLOCK_CAPTURE_AUTORELEASING = YES;
				CLANG_WARN_BOOL_CONVERSION = YES;
				CLANG_WARN_COMMA = YES;
				CLANG_WARN_CONSTANT_CONVERSION = YES;
				CLANG_WARN_DEPRECATED_OBJC_IMPLEMENTATIONS = YES;
				CLANG_WARN_DIRECT_OBJC_ISA_USAGE = YES_ERROR;
				CLANG_WARN_DOCUMENTATION_COMMENTS = YES;
				CLANG_WARN_EMPTY_BODY = YES;
				CLANG_WARN_ENUM_CONVERSION = YES;
				CLANG_WARN_INFINITE_RECURSION = YES;
				CLANG_WARN_INT_CONVERSION = YES;
				CLANG_WARN_NON_LITERAL_NULL_CONVERSION = YES;
				CLANG_WARN_OBJC_IMPLICIT_RETAIN_SELF = YES;
				CLANG_WARN_OBJC_LITERAL_CONVERSION = YES;
				CLANG_WARN_OBJC_ROOT_CLASS = YES_ERROR;
				CLANG_WARN_RANGE_LOOP_ANALYSIS = YES;
				CLANG_WARN_STRICT_PROTOTYPES = YES;
				CLANG_WARN_SUSPICIOUS_MOVE = YES;
				CLANG_WARN_UNGUARDED_AVAILABILITY = YES_AGGRESSIVE;
				CLANG_WARN_UNREACHABLE_CODE = YES;
				CLANG_WARN__DUPLICATE_METHOD_MATCH = YES;
				COPY_PHASE_STRIP = NO;
				DEBUG_INFORMATION_FORMAT = "dwarf-with-dsym";
				ENABLE_NS_ASSERTIONS = NO;
				ENABLE_STRICT_OBJC_MSGSEND = YES;
				GCC_C_LANGUAGE_STANDARD = gnu11;
				GCC_NO_COMMON_BLOCKS = YES;
				GCC_WARN_64_TO_32_BIT_CONVERSION = YES;
				GCC_WARN_ABOUT_RETURN_TYPE = YES_ERROR;
				GCC_WARN_UNDECLARED_SELECTOR = YES;
				GCC_WARN_UNINITIALIZED_AUTOS = YES_AGGRESSIVE;
				GCC_WARN_UNUSED_FUNCTION = YES;
				GCC_WARN_UNUSED_VARIABLE = YES;
				IPHONEOS_DEPLOYMENT_TARGET = 13.2;
				MTL_ENABLE_DEBUG_INFO = NO;
				MTL_FAST_MATH = YES;
				SDKROOT = iphoneos;
				SWIFT_COMPILATION_MODE = wholemodule;
				SWIFT_OPTIMIZATION_LEVEL = "-O";
				VALIDATE_PRODUCT = YES;
			};
			name = Release;
		};
		83825C64245D36AC00D6C2AF /* Debug */ = {
			isa = XCBuildConfiguration;
			buildSettings = {
				ASSETCATALOG_COMPILER_APPICON_NAME = AppIcon;
				CODE_SIGN_STYLE = Automatic;
				DEVELOPMENT_TEAM = JVF35WRW66;
				INFOPLIST_FILE = "MVVM-Demo/Info.plist";
				LD_RUNPATH_SEARCH_PATHS = (
					"$(inherited)",
					"@executable_path/Frameworks",
				);
				PRODUCT_BUNDLE_IDENTIFIER = "com.sudhakar.MVVM-Demo";
				PRODUCT_NAME = "$(TARGET_NAME)";
				SWIFT_VERSION = 5.0;
				TARGETED_DEVICE_FAMILY = "1,2";
			};
			name = Debug;
		};
		83825C65245D36AC00D6C2AF /* Release */ = {
			isa = XCBuildConfiguration;
			buildSettings = {
				ASSETCATALOG_COMPILER_APPICON_NAME = AppIcon;
				CODE_SIGN_STYLE = Automatic;
				DEVELOPMENT_TEAM = JVF35WRW66;
				INFOPLIST_FILE = "MVVM-Demo/Info.plist";
				LD_RUNPATH_SEARCH_PATHS = (
					"$(inherited)",
					"@executable_path/Frameworks",
				);
				PRODUCT_BUNDLE_IDENTIFIER = "com.sudhakar.MVVM-Demo";
				PRODUCT_NAME = "$(TARGET_NAME)";
				SWIFT_VERSION = 5.0;
				TARGETED_DEVICE_FAMILY = "1,2";
			};
			name = Release;
		};
/* End XCBuildConfiguration section */

/* Begin XCConfigurationList section */
		83825C4A245D36A400D6C2AF /* Build configuration list for PBXProject "MVVM-Demo" */ = {
			isa = XCConfigurationList;
			buildConfigurations = (
				83825C61245D36AC00D6C2AF /* Debug */,
				83825C62245D36AC00D6C2AF /* Release */,
			);
			defaultConfigurationIsVisible = 0;
			defaultConfigurationName = Release;
		};
		83825C63245D36AC00D6C2AF /* Build configuration list for PBXNativeTarget "MVVM-Demo" */ = {
			isa = XCConfigurationList;
			buildConfigurations = (
				83825C64245D36AC00D6C2AF /* Debug */,
				83825C65245D36AC00D6C2AF /* Release */,
			);
			defaultConfigurationIsVisible = 0;
			defaultConfigurationName = Release;
		};
/* End XCConfigurationList section */
	};
	rootObject = 83825C47245D36A400D6C2AF /* Project object */;
}
